<?xml version="1.0" encoding="utf-8"?>
<Project ToolsVersion="4.0" xmlns="http://schemas.microsoft.com/developer/msbuild/2003">
  <ItemGroup>
    <Filter Include="Source Files">
      <UniqueIdentifier>{c9bb76a9-c723-48ca-9a9b-e50f85a47e4f}</UniqueIdentifier>
      <Extensions>cpp;c;cxx;rc;def;r;odl;idl;hpj;bat</Extensions>
    </Filter>
    <Filter Include="Header Files">
      <UniqueIdentifier>{3bc8feff-f92e-46c7-9e61-9491294c8595}</UniqueIdentifier>
      <Extensions>h;hpp;hxx;hm;inl</Extensions>
    </Filter>
    <Filter Include="Resource Files">
      <UniqueIdentifier>{e6ff4798-1e9a-4c57-be6d-a8b225a63c28}</UniqueIdentifier>
      <Extensions>ico;cur;bmp;dlg;rc2;rct;bin;rgs;gif;jpg;jpeg;jpe</Extensions>
    </Filter>
  </ItemGroup>
  <ItemGroup>
    <ClCompile Include="ElementSkill.cpp">
      <Filter>Source Files</Filter>
    </ClCompile>
    <ClCompile Include="gnstring.cpp">
      <Filter>Source Files</Filter>
    </ClCompile>
    <ClCompile Include="skill.cpp">
      <Filter>Source Files</Filter>
    </ClCompile>
    <ClCompile Include="skillwrapper.cpp">
      <Filter>Source Files</Filter>
    </ClCompile>
    <ClCompile Include="StdAfx.cpp">
      <Filter>Source Files</Filter>
    </ClCompile>
    <ClCompile Include="stubs1.cpp">
      <Filter>Source Files</Filter>
    </ClCompile>
    <ClCompile Include="stubs10.cpp">
      <Filter>Source Files</Filter>
    </ClCompile>
    <ClCompile Include="stubs11.cpp">
      <Filter>Source Files</Filter>
    </ClCompile>
    <ClCompile Include="stubs12.cpp">
      <Filter>Source Files</Filter>
    </ClCompile>
    <ClCompile Include="stubs2.cpp">
      <Filter>Source Files</Filter>
    </ClCompile>
    <ClCompile Include="stubs3.cpp">
      <Filter>Source Files</Filter>
    </ClCompile>
    <ClCompile Include="stubs4.cpp">
      <Filter>Source Files</Filter>
    </ClCompile>
    <ClCompile Include="stubs5.cpp">
      <Filter>Source Files</Filter>
    </ClCompile>
    <ClCompile Include="stubs6.cpp">
      <Filter>Source Files</Filter>
    </ClCompile>
    <ClCompile Include="stubs7.cpp">
      <Filter>Source Files</Filter>
    </ClCompile>
    <ClCompile Include="stubs8.cpp">
      <Filter>Source Files</Filter>
    </ClCompile>
    <ClCompile Include="stubs9.cpp">
      <Filter>Source Files</Filter>
    </ClCompile>
  </ItemGroup>
  <ItemGroup>
    <ClInclude Include="ElementSkill.h">
      <Filter>Header Files</Filter>
    </ClInclude>
    <ClInclude Include="gnstring.h">
      <Filter>Header Files</Filter>
    </ClInclude>
    <ClInclude Include="playerwrapper.h">
      <Filter>Header Files</Filter>
    </ClInclude>
    <ClInclude Include="skill.h">
      <Filter>Header Files</Filter>
    </ClInclude>
    <ClInclude Include="skillwrapper.h">
      <Filter>Header Files</Filter>
    </ClInclude>
    <ClInclude Include="StdAfx.h">
      <Filter>Header Files</Filter>
    </ClInclude>
  </ItemGroup>
  <ItemGroup>
    <Text Include="ReadMe.txt" />
  </ItemGroup>
</Project>